
Microsoft Visual Studio Solution File, Format Version 12.00
# Visual Studio Version 17
VisualStudioVersion = 17.4.33205.214
MinimumVisualStudioVersion = 10.0.40219.1
Project("{FAE04EC0-301F-11D3-BF4B-00C04F79EFBC}") = "AspNetWebApiNet6", "AspNetWebApiNet6.csproj", "{496CC11F-6CFF-4836-8CCA-0DCC2A5277FE}"
EndProject
Global
	GlobalSection(SolutionConfigurationPlatforms) = preSolution
		Debug|Any CPU = Debug|Any CPU
		Release|Any CPU = Release|Any CPU
	EndGlobalSection
	GlobalSection(ProjectConfigurationPlatforms) = postSolution
		{496CC11F-6CFF-4836-8CCA-0DCC2A5277FE}.Debug|Any CPU.ActiveCfg = Debug|Any CPU
		{496CC11F-6CFF-4836-8CCA-0DCC2A5277FE}.Debug|Any CPU.Build.0 = Debug|Any CPU
		{496CC11F-6CFF-4836-8CCA-0DCC2A5277FE}.Release|Any CPU.ActiveCfg = Release|Any CPU
		{496CC11F-6CFF-4836-8CCA-0DCC2A5277FE}.Release|Any CPU.Build.0 = Release|Any CPU
	EndGlobalSection
	GlobalSection(SolutionProperties) = preSolution
		HideSolutionNode = FALSE
	EndGlobalSection
	GlobalSection(ExtensibilityGlobals) = postSolution
		SolutionGuid = {436AEB85-B3F2-40F7-83A9-ECBB708CDC1F}
	EndGlobalSection
EndGlobal
